
Microsoft Visual Studio Solution File, Format Version 12.00
# Visual Studio Version 17
VisualStudioVersion = 17.10.34928.147
MinimumVisualStudioVersion = 10.0.40219.1
Project("{FAE04EC0-301F-11D3-BF4B-00C04F79EFBC}") = "MyPortfolio", "MyPortfolio.csproj", "{1713864A-F418-49E8-9993-CA8869BD1FDE}"
EndProject
Global
	GlobalSection(SolutionConfigurationPlatforms) = preSolution
		Debug|Any CPU = Debug|Any CPU
		Release|Any CPU = Release|Any CPU
	EndGlobalSection
	GlobalSection(ProjectConfigurationPlatforms) = postSolution
		{1713864A-F418-49E8-9993-CA8869BD1FDE}.Debug|Any CPU.ActiveCfg = Debug|Any CPU
		{1713864A-F418-49E8-9993-CA8869BD1FDE}.Debug|Any CPU.Build.0 = Debug|Any CPU
		{1713864A-F418-49E8-9993-CA8869BD1FDE}.Release|Any CPU.ActiveCfg = Release|Any CPU
		{1713864A-F418-49E8-9993-CA8869BD1FDE}.Release|Any CPU.Build.0 = Release|Any CPU
	EndGlobalSection
	GlobalSection(SolutionProperties) = preSolution
		HideSolutionNode = FALSE
	EndGlobalSection
	GlobalSection(ExtensibilityGlobals) = postSolution
		SolutionGuid = {F42BB418-CC34-45C9-8802-7A1ADB63CC61}
	EndGlobalSection
EndGlobal
