
Microsoft Visual Studio Solution File, Format Version 12.00
# Visual Studio Version 17
VisualStudioVersion = 17.10.34928.147
MinimumVisualStudioVersion = 10.0.40219.1
Project("{FAE04EC0-301F-11D3-BF4B-00C04F79EFBC}") = "BasicDbHanding", "BasicDbHanding.csproj", "{920DC9E4-D2CB-4FAD-957E-B792A21FC19B}"
EndProject
Global
	GlobalSection(SolutionConfigurationPlatforms) = preSolution
		Debug|Any CPU = Debug|Any CPU
		Release|Any CPU = Release|Any CPU
	EndGlobalSection
	GlobalSection(ProjectConfigurationPlatforms) = postSolution
		{920DC9E4-D2CB-4FAD-957E-B792A21FC19B}.Debug|Any CPU.ActiveCfg = Debug|Any CPU
		{920DC9E4-D2CB-4FAD-957E-B792A21FC19B}.Debug|Any CPU.Build.0 = Debug|Any CPU
		{920DC9E4-D2CB-4FAD-957E-B792A21FC19B}.Release|Any CPU.ActiveCfg = Release|Any CPU
		{920DC9E4-D2CB-4FAD-957E-B792A21FC19B}.Release|Any CPU.Build.0 = Release|Any CPU
	EndGlobalSection
	GlobalSection(SolutionProperties) = preSolution
		HideSolutionNode = FALSE
	EndGlobalSection
	GlobalSection(ExtensibilityGlobals) = postSolution
		SolutionGuid = {181FA943-4935-492B-AA2B-84EA1728A70B}
	EndGlobalSection
EndGlobal
